
Microsoft Visual Studio Solution File, Format Version 12.00
# Visual Studio Version 17
VisualStudioVersion = 17.11.35222.181
MinimumVisualStudioVersion = 10.0.40219.1
Project("{8BC9CEB8-8B4A-11D0-8D11-00A0C91BC942}") = "7.1 рек", "7.1 рек\7.1 рек.vcxproj", "{E4DE9683-DA67-4274-872E-76FDD1CDEFB9}"
EndProject
Project("{8BC9CEB8-8B4A-11D0-8D11-00A0C91BC942}") = "7.1", "7.1\7.1.vcxproj", "{198C89F5-F3E3-4839-B8D6-04396F8B4D96}"
EndProject
Global
	GlobalSection(SolutionConfigurationPlatforms) = preSolution
		Debug|x64 = Debug|x64
		Debug|x86 = Debug|x86
		Release|x64 = Release|x64
		Release|x86 = Release|x86
	EndGlobalSection
	GlobalSection(ProjectConfigurationPlatforms) = postSolution
		{E4DE9683-DA67-4274-872E-76FDD1CDEFB9}.Debug|x64.ActiveCfg = Debug|x64
		{E4DE9683-DA67-4274-872E-76FDD1CDEFB9}.Debug|x64.Build.0 = Debug|x64
		{E4DE9683-DA67-4274-872E-76FDD1CDEFB9}.Debug|x86.ActiveCfg = Debug|Win32
		{E4DE9683-DA67-4274-872E-76FDD1CDEFB9}.Debug|x86.Build.0 = Debug|Win32
		{E4DE9683-DA67-4274-872E-76FDD1CDEFB9}.Release|x64.ActiveCfg = Release|x64
		{E4DE9683-DA67-4274-872E-76FDD1CDEFB9}.Release|x64.Build.0 = Release|x64
		{E4DE9683-DA67-4274-872E-76FDD1CDEFB9}.Release|x86.ActiveCfg = Release|Win32
		{E4DE9683-DA67-4274-872E-76FDD1CDEFB9}.Release|x86.Build.0 = Release|Win32
		{198C89F5-F3E3-4839-B8D6-04396F8B4D96}.Debug|x64.ActiveCfg = Debug|x64
		{198C89F5-F3E3-4839-B8D6-04396F8B4D96}.Debug|x64.Build.0 = Debug|x64
		{198C89F5-F3E3-4839-B8D6-04396F8B4D96}.Debug|x86.ActiveCfg = Debug|Win32
		{198C89F5-F3E3-4839-B8D6-04396F8B4D96}.Debug|x86.Build.0 = Debug|Win32
		{198C89F5-F3E3-4839-B8D6-04396F8B4D96}.Release|x64.ActiveCfg = Release|x64
		{198C89F5-F3E3-4839-B8D6-04396F8B4D96}.Release|x64.Build.0 = Release|x64
		{198C89F5-F3E3-4839-B8D6-04396F8B4D96}.Release|x86.ActiveCfg = Release|Win32
		{198C89F5-F3E3-4839-B8D6-04396F8B4D96}.Release|x86.Build.0 = Release|Win32
	EndGlobalSection
	GlobalSection(SolutionProperties) = preSolution
		HideSolutionNode = FALSE
	EndGlobalSection
	GlobalSection(ExtensibilityGlobals) = postSolution
		SolutionGuid = {69A25E2E-DC17-4DE2-B985-616BC23DB206}
	EndGlobalSection
EndGlobal
